# This file is autogenerated, do not edit; changes may be undone by the next 'dep ensure'.


[[projects]]
  digest = "1:4a927198ed19ecdb7aeeff36a637637ff24e1f14c16fcf0b6a0ccf7bd84607e2"
  name = "cloud.google.com/go"
  packages = [
    "compute/metadata",
    "datastore",
    "internal",
    "internal/fields",
    "internal/trace",
    "internal/version",
  ]
  pruneopts = "UT"
  revision = "74b12019e2aa53ec27882158f59192d7cd6d1998"
  version = "v0.33.1"

[[projects]]
  branch = "master"
  digest = "1:342d00920312b98b9a6677568a07396c5437b6c1a75a4ef4a54955db437e6518"
  name = "github.com/Necroforger/dgrouter"
  packages = [
    ".",
    "exrouter",
  ]
  pruneopts = "UT"
  revision = "ee47d8cbb61ece16125bbdf1a1a463ff2f5fbfea"

[[projects]]
  digest = "1:320e7ead93de9fd2b0e59b50fd92a4d50c1f8ab455d96bc2eb083267453a9709"
  name = "github.com/asaskevich/govalidator"
  packages = ["."]
  pruneopts = "UT"
  revision = "ccb8e960c48f04d6935e72476ae4a51028f9e22f"
  version = "v9"

[[projects]]
  digest = "1:fc4f149402c1fa7258290c3f91b0bfbc709763f3d3899609a2e4a0163dec65c6"
  name = "github.com/bwmarrin/discordgo"
  packages = ["."]
  pruneopts = "UT"
  revision = "8325a6bf6dd6c91ed4040a1617b07287b8fb0eba"
  version = "v0.19.0"

[[projects]]
  digest = "1:c6892ebe33775a89a6da197bafd468682bb8350b4ae235aed42fa531d3a9f3ca"
  name = "github.com/golang/protobuf"
  packages = [
    "proto",
    "protoc-gen-go/descriptor",
    "ptypes",
    "ptypes/any",
    "ptypes/duration",
    "ptypes/struct",
    "ptypes/timestamp",
    "ptypes/wrappers",
  ]
  pruneopts = "UT"
  revision = "aa810b61a9c79d51363740d207bb46cf8e620ed5"
  version = "v1.2.0"

[[projects]]
  digest = "1:e04cc716992a302cacf6d726409a05aa9546241998b24356d6dd0f01bc5a374e"
  name = "github.com/googleapis/gax-go"
  packages = ["."]
  pruneopts = "UT"
  revision = "b001040cd31805261cbd978842099e326dfa857b"
  version = "v2.0.2"

[[projects]]
  digest = "1:7b5c6e2eeaa9ae5907c391a91c132abfd5c9e8a784a341b5625e750c67e6825d"
  name = "github.com/gorilla/websocket"
  packages = ["."]
  pruneopts = "UT"
  revision = "66b9c49e59c6c48f0ffce28c2d8b8a5678502c6d"
  version = "v1.4.0"

[[projects]]
  digest = "1:7139f29149d65f1abcfd127d161aff4de84dcf1c251b3bdc77ad2b522d3e0769"
  name = "go.opencensus.io"
  packages = [
    ".",
    "exemplar",
    "internal",
    "internal/tagencoding",
    "plugin/ocgrpc",
    "stats",
    "stats/internal",
    "stats/view",
    "tag",
    "trace",
    "trace/internal",
    "trace/propagation",
    "trace/tracestate",
  ]
  pruneopts = "UT"
  revision = "b7bf3cdb64150a8c8c53b769fdeb2ba581bd4d4b"
  version = "v0.18.0"

[[projects]]
  branch = "master"
  digest = "1:a68068595227881a09dd5961976ddf705c8eea822dcd1c7b57bbb0067335ad32"
  name = "golang.org/x/crypto"
  packages = [
    "internal/subtle",
    "nacl/secretbox",
    "poly1305",
    "salsa20/salsa",
  ]
  pruneopts = "UT"
  revision = "e4dc69e5b2fd71dcaf8bd5d054eb936deb78d1fa"

[[projects]]
  branch = "master"
  digest = "1:29fe5460430a338b64f4a0259a6c59a1e2350bbcff54fa66f906fa8d10515c4d"
  name = "golang.org/x/net"
  packages = [
    "context",
    "context/ctxhttp",
    "http/httpguts",
    "http2",
    "http2/hpack",
    "idna",
    "internal/timeseries",
    "trace",
  ]
  pruneopts = "UT"
  revision = "351d144fa1fc0bd934e2408202be0c29f25e35a0"

[[projects]]
  branch = "master"
  digest = "1:632f90938b07f6e07ec6d2118f8af83add0aba9ff07d96f879fb9785797104f5"
  name = "golang.org/x/oauth2"
  packages = [
    ".",
    "google",
    "internal",
    "jws",
    "jwt",
  ]
  pruneopts = "UT"
  revision = "28207608b83849a028d4f12e46533a6b6894ecaf"

[[projects]]
  branch = "master"
  digest = "1:8775d8a768d9e65e8b659172804aac5db1fc8d563ba766470a6c2698c57c61a7"
  name = "golang.org/x/sys"
  packages = ["unix"]
  pruneopts = "UT"
  revision = "4ed8d59d0b35e1e29334a206d1b3f38b1e5dfb31"

[[projects]]
  digest = "1:a2ab62866c75542dd18d2b069fec854577a20211d7c0ea6ae746072a1dccdd18"
  name = "golang.org/x/text"
  packages = [
    "collate",
    "collate/build",
    "internal/colltab",
    "internal/gen",
    "internal/tag",
    "internal/triegen",
    "internal/ucd",
    "language",
    "secure/bidirule",
    "transform",
    "unicode/bidi",
    "unicode/cldr",
    "unicode/norm",
    "unicode/rangetable",
  ]
  pruneopts = "UT"
  revision = "f21a4dfb5e38f5895301dc265a8def02365cc3d0"
  version = "v0.3.0"

[[projects]]
  branch = "master"
  digest = "1:faa15a025bd1dc3262014a8084a83b3a3388c68a58d990b7a2172d9bcbbdaf5a"
  name = "google.golang.org/api"
  packages = [
    "googleapi",
    "googleapi/internal/uritemplates",
    "internal",
    "iterator",
    "option",
    "transport/grpc",
  ]
  pruneopts = "UT"
  revision = "af4fc4062c262223ddc2d92f5f35a93690db383a"

[[projects]]
  digest = "1:b13819327be647014031c6a194299da87ca35313bfc01fdc1da7bd3ddf08cbce"
  name = "google.golang.org/appengine"
  packages = [
    ".",
    "internal",
    "internal/app_identity",
    "internal/base",
    "internal/datastore",
    "internal/log",
    "internal/modules",
    "internal/remote_api",
    "internal/socket",
    "internal/urlfetch",
    "socket",
    "urlfetch",
  ]
  pruneopts = "UT"
  revision = "4a4468ece617fc8205e99368fa2200e9d1fad421"
  version = "v1.3.0"

[[projects]]
  branch = "master"
  digest = "1:369e5e512607d450093af3df58bea9eaefcda463063a128975205127151b193d"
  name = "google.golang.org/genproto"
  packages = [
    "googleapis/api/annotations",
    "googleapis/datastore/v1",
    "googleapis/rpc/code",
    "googleapis/rpc/status",
    "googleapis/type/latlng",
  ]
  pruneopts = "UT"
  revision = "31ac5d88444a9e7ad18077db9a165d793ad06a2e"

[[projects]]
  digest = "1:1ac2802a1ffa70fe39243e22aab53dd3386396fc98de2417ff744d87b079e78c"
  name = "google.golang.org/grpc"
  packages = [
    ".",
    "balancer",
    "balancer/base",
    "balancer/roundrobin",
    "codes",
    "connectivity",
    "credentials",
    "credentials/oauth",
    "encoding",
    "encoding/proto",
    "grpclog",
    "internal",
    "internal/backoff",
    "internal/channelz",
    "internal/envconfig",
    "internal/grpcrand",
    "internal/transport",
    "keepalive",
    "metadata",
    "naming",
    "peer",
    "resolver",
    "resolver/dns",
    "resolver/passthrough",
    "stats",
    "status",
    "tap",
  ]
  pruneopts = "UT"
  revision = "2e463a05d100327ca47ac218281906921038fd95"
  version = "v1.16.0"

[solve-meta]
  analyzer-name = "dep"
  analyzer-version = 1
  input-imports = [
    "cloud.google.com/go/datastore",
    "github.com/Necroforger/dgrouter/exrouter",
    "github.com/asaskevich/govalidator",
    "github.com/bwmarrin/discordgo",
  ]
  solver-name = "gps-cdcl"
  solver-version = 1
